
Microsoft Visual Studio Solution File, Format Version 12.00
# Visual Studio Version 17
VisualStudioVersion = 17.0.31903.59
MinimumVisualStudioVersion = 10.0.40219.1
Project("{FAE04EC0-301F-11D3-BF4B-00C04F79EFBC}") = "zeynerp.Application", "zeynerp.Application\zeynerp.Application.csproj", "{4DFA7B1E-D9E0-46BA-AA05-637E07595DCF}"
EndProject
Project("{FAE04EC0-301F-11D3-BF4B-00C04F79EFBC}") = "zeynerp.Core", "zeynerp.Core\zeynerp.Core.csproj", "{988E4606-8D93-4E60-ACBF-9B2D7F8EAE7E}"
EndProject
Project("{FAE04EC0-301F-11D3-BF4B-00C04F79EFBC}") = "zeynerp.Infrastructure", "zeynerp.Infrastructure\zeynerp.Infrastructure.csproj", "{0A60017D-9694-4716-A6CE-FC1239E5A2FB}"
EndProject
Project("{FAE04EC0-301F-11D3-BF4B-00C04F79EFBC}") = "zeynerp.Web", "zeynerp.Web\zeynerp.Web.csproj", "{EAC9255B-8F3A-4544-B144-19C5BF5C1813}"
EndProject
Global
	GlobalSection(SolutionProperties) = preSolution
		HideSolutionNode = FALSE
	EndGlobalSection
	GlobalSection(SolutionConfigurationPlatforms) = preSolution
		Debug|Any CPU = Debug|Any CPU
		Debug|x64 = Debug|x64
		Debug|x86 = Debug|x86
		Release|Any CPU = Release|Any CPU
		Release|x64 = Release|x64
		Release|x86 = Release|x86
	EndGlobalSection
	GlobalSection(ProjectConfigurationPlatforms) = postSolution
		{4DFA7B1E-D9E0-46BA-AA05-637E07595DCF}.Debug|Any CPU.ActiveCfg = Debug|Any CPU
		{4DFA7B1E-D9E0-46BA-AA05-637E07595DCF}.Debug|Any CPU.Build.0 = Debug|Any CPU
		{4DFA7B1E-D9E0-46BA-AA05-637E07595DCF}.Debug|x64.ActiveCfg = Debug|Any CPU
		{4DFA7B1E-D9E0-46BA-AA05-637E07595DCF}.Debug|x64.Build.0 = Debug|Any CPU
		{4DFA7B1E-D9E0-46BA-AA05-637E07595DCF}.Debug|x86.ActiveCfg = Debug|Any CPU
		{4DFA7B1E-D9E0-46BA-AA05-637E07595DCF}.Debug|x86.Build.0 = Debug|Any CPU
		{4DFA7B1E-D9E0-46BA-AA05-637E07595DCF}.Release|Any CPU.ActiveCfg = Release|Any CPU
		{4DFA7B1E-D9E0-46BA-AA05-637E07595DCF}.Release|Any CPU.Build.0 = Release|Any CPU
		{4DFA7B1E-D9E0-46BA-AA05-637E07595DCF}.Release|x64.ActiveCfg = Release|Any CPU
		{4DFA7B1E-D9E0-46BA-AA05-637E07595DCF}.Release|x64.Build.0 = Release|Any CPU
		{4DFA7B1E-D9E0-46BA-AA05-637E07595DCF}.Release|x86.ActiveCfg = Release|Any CPU
		{4DFA7B1E-D9E0-46BA-AA05-637E07595DCF}.Release|x86.Build.0 = Release|Any CPU
		{988E4606-8D93-4E60-ACBF-9B2D7F8EAE7E}.Debug|Any CPU.ActiveCfg = Debug|Any CPU
		{988E4606-8D93-4E60-ACBF-9B2D7F8EAE7E}.Debug|Any CPU.Build.0 = Debug|Any CPU
		{988E4606-8D93-4E60-ACBF-9B2D7F8EAE7E}.Debug|x64.ActiveCfg = Debug|Any CPU
		{988E4606-8D93-4E60-ACBF-9B2D7F8EAE7E}.Debug|x64.Build.0 = Debug|Any CPU
		{988E4606-8D93-4E60-ACBF-9B2D7F8EAE7E}.Debug|x86.ActiveCfg = Debug|Any CPU
		{988E4606-8D93-4E60-ACBF-9B2D7F8EAE7E}.Debug|x86.Build.0 = Debug|Any CPU
		{988E4606-8D93-4E60-ACBF-9B2D7F8EAE7E}.Release|Any CPU.ActiveCfg = Release|Any CPU
		{988E4606-8D93-4E60-ACBF-9B2D7F8EAE7E}.Release|Any CPU.Build.0 = Release|Any CPU
		{988E4606-8D93-4E60-ACBF-9B2D7F8EAE7E}.Release|x64.ActiveCfg = Release|Any CPU
		{988E4606-8D93-4E60-ACBF-9B2D7F8EAE7E}.Release|x64.Build.0 = Release|Any CPU
		{988E4606-8D93-4E60-ACBF-9B2D7F8EAE7E}.Release|x86.ActiveCfg = Release|Any CPU
		{988E4606-8D93-4E60-ACBF-9B2D7F8EAE7E}.Release|x86.Build.0 = Release|Any CPU
		{0A60017D-9694-4716-A6CE-FC1239E5A2FB}.Debug|Any CPU.ActiveCfg = Debug|Any CPU
		{0A60017D-9694-4716-A6CE-FC1239E5A2FB}.Debug|Any CPU.Build.0 = Debug|Any CPU
		{0A60017D-9694-4716-A6CE-FC1239E5A2FB}.Debug|x64.ActiveCfg = Debug|Any CPU
		{0A60017D-9694-4716-A6CE-FC1239E5A2FB}.Debug|x64.Build.0 = Debug|Any CPU
		{0A60017D-9694-4716-A6CE-FC1239E5A2FB}.Debug|x86.ActiveCfg = Debug|Any CPU
		{0A60017D-9694-4716-A6CE-FC1239E5A2FB}.Debug|x86.Build.0 = Debug|Any CPU
		{0A60017D-9694-4716-A6CE-FC1239E5A2FB}.Release|Any CPU.ActiveCfg = Release|Any CPU
		{0A60017D-9694-4716-A6CE-FC1239E5A2FB}.Release|Any CPU.Build.0 = Release|Any CPU
		{0A60017D-9694-4716-A6CE-FC1239E5A2FB}.Release|x64.ActiveCfg = Release|Any CPU
		{0A60017D-9694-4716-A6CE-FC1239E5A2FB}.Release|x64.Build.0 = Release|Any CPU
		{0A60017D-9694-4716-A6CE-FC1239E5A2FB}.Release|x86.ActiveCfg = Release|Any CPU
		{0A60017D-9694-4716-A6CE-FC1239E5A2FB}.Release|x86.Build.0 = Release|Any CPU
		{EAC9255B-8F3A-4544-B144-19C5BF5C1813}.Debug|Any CPU.ActiveCfg = Debug|Any CPU
		{EAC9255B-8F3A-4544-B144-19C5BF5C1813}.Debug|Any CPU.Build.0 = Debug|Any CPU
		{EAC9255B-8F3A-4544-B144-19C5BF5C1813}.Debug|x64.ActiveCfg = Debug|Any CPU
		{EAC9255B-8F3A-4544-B144-19C5BF5C1813}.Debug|x64.Build.0 = Debug|Any CPU
		{EAC9255B-8F3A-4544-B144-19C5BF5C1813}.Debug|x86.ActiveCfg = Debug|Any CPU
		{EAC9255B-8F3A-4544-B144-19C5BF5C1813}.Debug|x86.Build.0 = Debug|Any CPU
		{EAC9255B-8F3A-4544-B144-19C5BF5C1813}.Release|Any CPU.ActiveCfg = Release|Any CPU
		{EAC9255B-8F3A-4544-B144-19C5BF5C1813}.Release|Any CPU.Build.0 = Release|Any CPU
		{EAC9255B-8F3A-4544-B144-19C5BF5C1813}.Release|x64.ActiveCfg = Release|Any CPU
		{EAC9255B-8F3A-4544-B144-19C5BF5C1813}.Release|x64.Build.0 = Release|Any CPU
		{EAC9255B-8F3A-4544-B144-19C5BF5C1813}.Release|x86.ActiveCfg = Release|Any CPU
		{EAC9255B-8F3A-4544-B144-19C5BF5C1813}.Release|x86.Build.0 = Release|Any CPU
	EndGlobalSection
EndGlobal
