
Microsoft Visual Studio Solution File, Format Version 12.00
# Visual Studio Version 17
VisualStudioVersion = 17.0.31903.59
MinimumVisualStudioVersion = 10.0.40219.1
Project("{FAE04EC0-301F-11D3-BF4B-00C04F79EFBC}") = "zeynerp.Business", "zeynerp.Business\zeynerp.Business.csproj", "{B3AF684C-2104-4C1F-9808-7338A4BC7203}"
EndProject
Project("{FAE04EC0-301F-11D3-BF4B-00C04F79EFBC}") = "zeynerp.Data", "zeynerp.Data\zeynerp.Data.csproj", "{E53DEC36-C225-4993-957C-56C7EFF44B64}"
EndProject
Project("{FAE04EC0-301F-11D3-BF4B-00C04F79EFBC}") = "zeynerp.Web", "zeynerp.Web\zeynerp.Web.csproj", "{A2090960-8631-4F07-9049-05B8AB9BD7D5}"
EndProject
Global
	GlobalSection(SolutionConfigurationPlatforms) = preSolution
		Debug|Any CPU = Debug|Any CPU
		Release|Any CPU = Release|Any CPU
	EndGlobalSection
	GlobalSection(SolutionProperties) = preSolution
		HideSolutionNode = FALSE
	EndGlobalSection
	GlobalSection(ProjectConfigurationPlatforms) = postSolution
		{B3AF684C-2104-4C1F-9808-7338A4BC7203}.Debug|Any CPU.ActiveCfg = Debug|Any CPU
		{B3AF684C-2104-4C1F-9808-7338A4BC7203}.Debug|Any CPU.Build.0 = Debug|Any CPU
		{B3AF684C-2104-4C1F-9808-7338A4BC7203}.Release|Any CPU.ActiveCfg = Release|Any CPU
		{B3AF684C-2104-4C1F-9808-7338A4BC7203}.Release|Any CPU.Build.0 = Release|Any CPU
		{E53DEC36-C225-4993-957C-56C7EFF44B64}.Debug|Any CPU.ActiveCfg = Debug|Any CPU
		{E53DEC36-C225-4993-957C-56C7EFF44B64}.Debug|Any CPU.Build.0 = Debug|Any CPU
		{E53DEC36-C225-4993-957C-56C7EFF44B64}.Release|Any CPU.ActiveCfg = Release|Any CPU
		{E53DEC36-C225-4993-957C-56C7EFF44B64}.Release|Any CPU.Build.0 = Release|Any CPU
		{A2090960-8631-4F07-9049-05B8AB9BD7D5}.Debug|Any CPU.ActiveCfg = Debug|Any CPU
		{A2090960-8631-4F07-9049-05B8AB9BD7D5}.Debug|Any CPU.Build.0 = Debug|Any CPU
		{A2090960-8631-4F07-9049-05B8AB9BD7D5}.Release|Any CPU.ActiveCfg = Release|Any CPU
		{A2090960-8631-4F07-9049-05B8AB9BD7D5}.Release|Any CPU.Build.0 = Release|Any CPU
	EndGlobalSection
EndGlobal
